# This file is automatically @generated by Cargo.
# It is not intended for manual editing.
version = 4

[[package]]
name = "async_io"
version = "0.1.0"

[[package]]
name = "async_locks"
version = "0.1.0"

[[package]]
name = "cos-sys"
version = "0.1.0"

[[package]]
name = "elf"
version = "0.1.0"
dependencies = [
 "async_io",
]

[[package]]
name = "filesystem"
version = "0.1.0"
dependencies = [
 "async_io",
 "async_locks",
]

[[package]]
name = "kernel"
version = "0.1.0"
dependencies = [
 "cos-sys",
 "elf",
 "filesystem",
 "rlibc",
]

[[package]]
name = "rlibc"
version = "1.0.0"
source = "registry+https://github.com/rust-lang/crates.io-index"
checksum = "fc874b127765f014d792f16763a81245ab80500e2ad921ed4ee9e82481ee08fe"
